// !$*UTF8*$!
{
	archiveVersion = 1;
	classes = {
	};
	objectVersion = 50;
	objects = {

/* Begin PBXBuildFile section */
		4780265D22A1CC250053F13F /* AppDelegate.swift in Sources */ = {isa = PBXBuildFile; fileRef = 4780265C22A1CC250053F13F /* AppDelegate.swift */; };
		4780265F22A1CC250053F13F /* ViewController.swift in Sources */ = {isa = PBXBuildFile; fileRef = 4780265E22A1CC250053F13F /* ViewController.swift */; };
		4780266222A1CC250053F13F /* Main.storyboard in Resources */ = {isa = PBXBuildFile; fileRef = 4780266022A1CC250053F13F /* Main.storyboard */; };
		4780266422A1CC270053F13F /* Assets.xcassets in Resources */ = {isa = PBXBuildFile; fileRef = 4780266322A1CC270053F13F /* Assets.xcassets */; };
		4780266722A1CC270053F13F /* LaunchScreen.storyboard in Resources */ = {isa = PBXBuildFile; fileRef = 4780266522A1CC270053F13F /* LaunchScreen.storyboard */; };
		4780267222A1D71E0053F13F /* GameOfLifeFramework.framework in Frameworks */ = {isa = PBXBuildFile; fileRef = 4780267122A1D71E0053F13F /* GameOfLifeFramework.framework */; };
		4780267322A1D71E0053F13F /* GameOfLifeFramework.framework in Embed Frameworks */ = {isa = PBXBuildFile; fileRef = 4780267122A1D71E0053F13F /* GameOfLifeFramework.framework */; settings = {ATTRIBUTES = (CodeSignOnCopy, RemoveHeadersOnCopy, ); }; };
/* End PBXBuildFile section */

/* Begin PBXCopyFilesBuildPhase section */
		4780267422A1D71E0053F13F /* Embed Frameworks */ = {
			isa = PBXCopyFilesBuildPhase;
			buildActionMask = 2147483647;
			dstPath = "";
			dstSubfolderSpec = 10;
			files = (
				4780267322A1D71E0053F13F /* GameOfLifeFramework.framework in Embed Frameworks */,
			);
			name = "Embed Frameworks";
			runOnlyForDeploymentPostprocessing = 0;
		};
/* End PBXCopyFilesBuildPhase section */

/* Begin PBXFileReference section */
		4780265922A1CC250053F13F /* Conway MPP.app */ = {isa = PBXFileReference; explicitFileType = wrapper.application; includeInIndex = 0; path = "Conway MPP.app"; sourceTree = BUILT_PRODUCTS_DIR; };
		4780265C22A1CC250053F13F /* AppDelegate.swift */ = {isa = PBXFileReference; lastKnownFileType = sourcecode.swift; path = AppDelegate.swift; sourceTree = "<group>"; };
		4780265E22A1CC250053F13F /* ViewController.swift */ = {isa = PBXFileReference; lastKnownFileType = sourcecode.swift; path = ViewController.swift; sourceTree = "<group>"; };
		4780266122A1CC250053F13F /* Base */ = {isa = PBXFileReference; lastKnownFileType = file.storyboard; name = Base; path = Base.lproj/Main.storyboard; sourceTree = "<group>"; };
		4780266322A1CC270053F13F /* Assets.xcassets */ = {isa = PBXFileReference; lastKnownFileType = folder.assetcatalog; path = Assets.xcassets; sourceTree = "<group>"; };
		4780266622A1CC270053F13F /* Base */ = {isa = PBXFileReference; lastKnownFileType = file.storyboard; name = Base; path = Base.lproj/LaunchScreen.storyboard; sourceTree = "<group>"; };
		4780266822A1CC270053F13F /* Info.plist */ = {isa = PBXFileReference; lastKnownFileType = text.plist.xml; path = Info.plist; sourceTree = "<group>"; };
		4780267122A1D71E0053F13F /* GameOfLifeFramework.framework */ = {isa = PBXFileReference; lastKnownFileType = wrapper.framework; name = GameOfLifeFramework.framework; path = "../../build/xcode-frameworks/GameOfLifeFramework.framework"; sourceTree = "<group>"; };
/* End PBXFileReference section */

/* Begin PBXFrameworksBuildPhase section */
		4780265622A1CC250053F13F /* Frameworks */ = {
			isa = PBXFrameworksBuildPhase;
			buildActionMask = 2147483647;
			files = (
				4780267222A1D71E0053F13F /* GameOfLifeFramework.framework in Frameworks */,
			);
			runOnlyForDeploymentPostprocessing = 0;
		};
/* End PBXFrameworksBuildPhase section */

/* Begin PBXGroup section */
		4780265022A1CC250053F13F = {
			isa = PBXGroup;
			children = (
				4780267122A1D71E0053F13F /* GameOfLifeFramework.framework */,
				4780265B22A1CC250053F13F /* Conway MPP */,
				4780265A22A1CC250053F13F /* Products */,
			);
			sourceTree = "<group>";
		};
		4780265A22A1CC250053F13F /* Products */ = {
			isa = PBXGroup;
			children = (
				4780265922A1CC250053F13F /* Conway MPP.app */,
			);
			name = Products;
			sourceTree = "<group>";
		};
		4780265B22A1CC250053F13F /* Conway MPP */ = {
			isa = PBXGroup;
			children = (
				4780265C22A1CC250053F13F /* AppDelegate.swift */,
				4780265E22A1CC250053F13F /* ViewController.swift */,
				4780266022A1CC250053F13F /* Main.storyboard */,
				4780266322A1CC270053F13F /* Assets.xcassets */,
				4780266522A1CC270053F13F /* LaunchScreen.storyboard */,
				4780266822A1CC270053F13F /* Info.plist */,
			);
			path = "Conway MPP";
			sourceTree = "<group>";
		};
/* End PBXGroup section */

/* Begin PBXNativeTarget section */
		4780265822A1CC250053F13F /* Conway MPP */ = {
			isa = PBXNativeTarget;
			buildConfigurationList = 4780266B22A1CC270053F13F /* Build configuration list for PBXNativeTarget "Conway MPP" */;
			buildPhases = (
				4780267022A1CFC20053F13F /* ShellScript */,
				4780265522A1CC250053F13F /* Sources */,
				4780265622A1CC250053F13F /* Frameworks */,
				4780265722A1CC250053F13F /* Resources */,
				4780267422A1D71E0053F13F /* Embed Frameworks */,
			);
			buildRules = (
			);
			dependencies = (
			);
			name = "Conway MPP";
			productName = "Conway MPP";
			productReference = 4780265922A1CC250053F13F /* Conway MPP.app */;
			productType = "com.apple.product-type.application";
		};
/* End PBXNativeTarget section */

/* Begin PBXProject section */
		4780265122A1CC250053F13F /* Project object */ = {
			isa = PBXProject;
			attributes = {
				LastSwiftUpdateCheck = 1020;
				LastUpgradeCheck = 1020;
				ORGANIZATIONNAME = "Evgeny Petrenko";
				TargetAttributes = {
					4780265822A1CC250053F13F = {
						CreatedOnToolsVersion = 10.2.1;
					};
				};
			};
			buildConfigurationList = 4780265422A1CC250053F13F /* Build configuration list for PBXProject "Conway MPP" */;
			compatibilityVersion = "Xcode 9.3";
			developmentRegion = en;
			hasScannedForEncodings = 0;
			knownRegions = (
				en,
				Base,
			);
			mainGroup = 4780265022A1CC250053F13F;
			productRefGroup = 4780265A22A1CC250053F13F /* Products */;
			projectDirPath = "";
			projectRoot = "";
			targets = (
				4780265822A1CC250053F13F /* Conway MPP */,
			);
		};
/* End PBXProject section */

/* Begin PBXResourcesBuildPhase section */
		4780265722A1CC250053F13F /* Resources */ = {
			isa = PBXResourcesBuildPhase;
			buildActionMask = 2147483647;
			files = (
				4780266722A1CC270053F13F /* LaunchScreen.storyboard in Resources */,
				4780266422A1CC270053F13F /* Assets.xcassets in Resources */,
				4780266222A1CC250053F13F /* Main.storyboard in Resources */,
			);
			runOnlyForDeploymentPostprocessing = 0;
		};
/* End PBXResourcesBuildPhase section */

/* Begin PBXShellScriptBuildPhase section */
		4780267022A1CFC20053F13F /* ShellScript */ = {
			isa = PBXShellScriptBuildPhase;
			buildActionMask = 2147483647;
			files = (
			);
			inputFileListPaths = (
			);
			inputPaths = (
			);
			outputFileListPaths = (
			);
			outputPaths = (
			);
			runOnlyForDeploymentPostprocessing = 0;
			shellPath = /bin/sh;
			shellScript = "set -e -x -u\ncd \"$SRCROOT/../../\"\nls .\n\n## a hack to make fix generated framework path\nexport CONFIGURATION_BUILD_DIR=\"$(pwd)/build/xcode-frameworks\"\n\nwhich java\njava -version\n\n### It should work with Java 1.8 or 11\n./gradlew buildForXcode\n";
		};
/* End PBXShellScriptBuildPhase section */

/* Begin PBXSourcesBuildPhase section */
		4780265522A1CC250053F13F /* Sources */ = {
			isa = PBXSourcesBuildPhase;
			buildActionMask = 2147483647;
			files = (
				4780265F22A1CC250053F13F /* ViewController.swift in Sources */,
				4780265D22A1CC250053F13F /* AppDelegate.swift in Sources */,
			);
			runOnlyForDeploymentPostprocessing = 0;
		};
/* End PBXSourcesBuildPhase section */

/* Begin PBXVariantGroup section */
		4780266022A1CC250053F13F /* Main.storyboard */ = {
			isa = PBXVariantGroup;
			children = (
				4780266122A1CC250053F13F /* Base */,
			);
			name = Main.storyboard;
			sourceTree = "<group>";
		};
		4780266522A1CC270053F13F /* LaunchScreen.storyboard */ = {
			isa = PBXVariantGroup;
			children = (
				4780266622A1CC270053F13F /* Base */,
			);
			name = LaunchScreen.storyboard;
			sourceTree = "<group>";
		};
/* End PBXVariantGroup section */

/* Begin XCBuildConfiguration section */
		4780266922A1CC270053F13F /* Debug */ = {
			isa = XCBuildConfiguration;
			buildSettings = {
				ALWAYS_SEARCH_USER_PATHS = NO;
				CLANG_ANALYZER_NONNULL = YES;
				CLANG_ANALYZER_NUMBER_OBJECT_CONVERSION = YES_AGGRESSIVE;
				CLANG_CXX_LANGUAGE_STANDARD = "gnu++14";
				CLANG_CXX_LIBRARY = "libc++";
				CLANG_ENABLE_MODULES = YES;
				CLANG_ENABLE_OBJC_ARC = YES;
				CLANG_ENABLE_OBJC_WEAK = YES;
				CLANG_WARN_BLOCK_CAPTURE_AUTORELEASING = YES;
				CLANG_WARN_BOOL_CONVERSION = YES;
				CLANG_WARN_COMMA = YES;
				CLANG_WARN_CONSTANT_CONVERSION = YES;
				CLANG_WARN_DEPRECATED_OBJC_IMPLEMENTATIONS = YES;
				CLANG_WARN_DIRECT_OBJC_ISA_USAGE = YES_ERROR;
				CLANG_WARN_DOCUMENTATION_COMMENTS = YES;
				CLANG_WARN_EMPTY_BODY = YES;
				CLANG_WARN_ENUM_CONVERSION = YES;
				CLANG_WARN_INFINITE_RECURSION = YES;
				CLANG_WARN_INT_CONVERSION = YES;
				CLANG_WARN_NON_LITERAL_NULL_CONVERSION = YES;
				CLANG_WARN_OBJC_IMPLICIT_RETAIN_SELF = YES;
				CLANG_WARN_OBJC_LITERAL_CONVERSION = YES;
				CLANG_WARN_OBJC_ROOT_CLASS = YES_ERROR;
				CLANG_WARN_RANGE_LOOP_ANALYSIS = YES;
				CLANG_WARN_STRICT_PROTOTYPES = YES;
				CLANG_WARN_SUSPICIOUS_MOVE = YES;
				CLANG_WARN_UNGUARDED_AVAILABILITY = YES_AGGRESSIVE;
				CLANG_WARN_UNREACHABLE_CODE = YES;
				CLANG_WARN__DUPLICATE_METHOD_MATCH = YES;
				CODE_SIGN_IDENTITY = "iPhone Developer";
				COPY_PHASE_STRIP = NO;
				DEBUG_INFORMATION_FORMAT = dwarf;
				ENABLE_STRICT_OBJC_MSGSEND = YES;
				ENABLE_TESTABILITY = YES;
				GCC_C_LANGUAGE_STANDARD = gnu11;
				GCC_DYNAMIC_NO_PIC = NO;
				GCC_NO_COMMON_BLOCKS = YES;
				GCC_OPTIMIZATION_LEVEL = 0;
				GCC_PREPROCESSOR_DEFINITIONS = (
					"DEBUG=1",
					"$(inherited)",
				);
				GCC_WARN_64_TO_32_BIT_CONVERSION = YES;
				GCC_WARN_ABOUT_RETURN_TYPE = YES_ERROR;
				GCC_WARN_UNDECLARED_SELECTOR = YES;
				GCC_WARN_UNINITIALIZED_AUTOS = YES_AGGRESSIVE;
				GCC_WARN_UNUSED_FUNCTION = YES;
				GCC_WARN_UNUSED_VARIABLE = YES;
				IPHONEOS_DEPLOYMENT_TARGET = 12.2;
				MTL_ENABLE_DEBUG_INFO = INCLUDE_SOURCE;
				MTL_FAST_MATH = YES;
				ONLY_ACTIVE_ARCH = YES;
				SDKROOT = iphoneos;
				SWIFT_ACTIVE_COMPILATION_CONDITIONS = DEBUG;
				SWIFT_OPTIMIZATION_LEVEL = "-Onone";
			};
			name = Debug;
		};
		4780266A22A1CC270053F13F /* Release */ = {
			isa = XCBuildConfiguration;
			buildSettings = {
				ALWAYS_SEARCH_USER_PATHS = NO;
				CLANG_ANALYZER_NONNULL = YES;
				CLANG_ANALYZER_NUMBER_OBJECT_CONVERSION = YES_AGGRESSIVE;
				CLANG_CXX_LANGUAGE_STANDARD = "gnu++14";
				CLANG_CXX_LIBRARY = "libc++";
				CLANG_ENABLE_MODULES = YES;
				CLANG_ENABLE_OBJC_ARC = YES;
				CLANG_ENABLE_OBJC_WEAK = YES;
				CLANG_WARN_BLOCK_CAPTURE_AUTORELEASING = YES;
				CLANG_WARN_BOOL_CONVERSION = YES;
				CLANG_WARN_COMMA = YES;
				CLANG_WARN_CONSTANT_CONVERSION = YES;
				CLANG_WARN_DEPRECATED_OBJC_IMPLEMENTATIONS = YES;
				CLANG_WARN_DIRECT_OBJC_ISA_USAGE = YES_ERROR;
				CLANG_WARN_DOCUMENTATION_COMMENTS = YES;
				CLANG_WARN_EMPTY_BODY = YES;
				CLANG_WARN_ENUM_CONVERSION = YES;
				CLANG_WARN_INFINITE_RECURSION = YES;
				CLANG_WARN_INT_CONVERSION = YES;
				CLANG_WARN_NON_LITERAL_NULL_CONVERSION = YES;
				CLANG_WARN_OBJC_IMPLICIT_RETAIN_SELF = YES;
				CLANG_WARN_OBJC_LITERAL_CONVERSION = YES;
				CLANG_WARN_OBJC_ROOT_CLASS = YES_ERROR;
				CLANG_WARN_RANGE_LOOP_ANALYSIS = YES;
				CLANG_WARN_STRICT_PROTOTYPES = YES;
				CLANG_WARN_SUSPICIOUS_MOVE = YES;
				CLANG_WARN_UNGUARDED_AVAILABILITY = YES_AGGRESSIVE;
				CLANG_WARN_UNREACHABLE_CODE = YES;
				CLANG_WARN__DUPLICATE_METHOD_MATCH = YES;
				CODE_SIGN_IDENTITY = "iPhone Developer";
				COPY_PHASE_STRIP = NO;
				DEBUG_INFORMATION_FORMAT = "dwarf-with-dsym";
				ENABLE_NS_ASSERTIONS = NO;
				ENABLE_STRICT_OBJC_MSGSEND = YES;
				GCC_C_LANGUAGE_STANDARD = gnu11;
				GCC_NO_COMMON_BLOCKS = YES;
				GCC_WARN_64_TO_32_BIT_CONVERSION = YES;
				GCC_WARN_ABOUT_RETURN_TYPE = YES_ERROR;
				GCC_WARN_UNDECLARED_SELECTOR = YES;
				GCC_WARN_UNINITIALIZED_AUTOS = YES_AGGRESSIVE;
				GCC_WARN_UNUSED_FUNCTION = YES;
				GCC_WARN_UNUSED_VARIABLE = YES;
				IPHONEOS_DEPLOYMENT_TARGET = 12.2;
				MTL_ENABLE_DEBUG_INFO = NO;
				MTL_FAST_MATH = YES;
				SDKROOT = iphoneos;
				SWIFT_COMPILATION_MODE = wholemodule;
				SWIFT_OPTIMIZATION_LEVEL = "-O";
				VALIDATE_PRODUCT = YES;
			};
			name = Release;
		};
		4780266C22A1CC270053F13F /* Debug */ = {
			isa = XCBuildConfiguration;
			buildSettings = {
				ASSETCATALOG_COMPILER_APPICON_NAME = AppIcon;
				CODE_SIGN_STYLE = Automatic;
				DEVELOPMENT_TEAM = PV33WZUX7H;
				FRAMEWORK_SEARCH_PATHS = "$SRCROOT/../../build/xcode-frameworks";
				INFOPLIST_FILE = "Conway MPP/Info.plist";
				LD_RUNPATH_SEARCH_PATHS = (
					"$(inherited)",
					"@executable_path/Frameworks",
				);
				PRODUCT_BUNDLE_IDENTIFIER = "org.jonnyzzz.lifegame.Conway-MPP";
				PRODUCT_NAME = "$(TARGET_NAME)";
				SWIFT_VERSION = 5.0;
				TARGETED_DEVICE_FAMILY = "1,2";
			};
			name = Debug;
		};
		4780266D22A1CC270053F13F /* Release */ = {
			isa = XCBuildConfiguration;
			buildSettings = {
				ASSETCATALOG_COMPILER_APPICON_NAME = AppIcon;
				CODE_SIGN_STYLE = Automatic;
				DEVELOPMENT_TEAM = PV33WZUX7H;
				FRAMEWORK_SEARCH_PATHS = "$SRCROOT/../../build/xcode-frameworks";
				INFOPLIST_FILE = "Conway MPP/Info.plist";
				LD_RUNPATH_SEARCH_PATHS = (
					"$(inherited)",
					"@executable_path/Frameworks",
				);
				PRODUCT_BUNDLE_IDENTIFIER = "org.jonnyzzz.lifegame.Conway-MPP";
				PRODUCT_NAME = "$(TARGET_NAME)";
				SWIFT_VERSION = 5.0;
				TARGETED_DEVICE_FAMILY = "1,2";
			};
			name = Release;
		};
/* End XCBuildConfiguration section */

/* Begin XCConfigurationList section */
		4780265422A1CC250053F13F /* Build configuration list for PBXProject "Conway MPP" */ = {
			isa = XCConfigurationList;
			buildConfigurations = (
				4780266922A1CC270053F13F /* Debug */,
				4780266A22A1CC270053F13F /* Release */,
			);
			defaultConfigurationIsVisible = 0;
			defaultConfigurationName = Release;
		};
		4780266B22A1CC270053F13F /* Build configuration list for PBXNativeTarget "Conway MPP" */ = {
			isa = XCConfigurationList;
			buildConfigurations = (
				4780266C22A1CC270053F13F /* Debug */,
				4780266D22A1CC270053F13F /* Release */,
			);
			defaultConfigurationIsVisible = 0;
			defaultConfigurationName = Release;
		};
/* End XCConfigurationList section */
	};
	rootObject = 4780265122A1CC250053F13F /* Project object */;
}
